{
  "requires": true,
  "lockfileVersion": 1,
  "dependencies": {
    "@types/socket.io-client": {
      "version": "1.4.31",
      "resolved": "https://registry.npmjs.org/@types/socket.io-client/-/socket.io-client-1.4.31.tgz",
      "integrity": "sha512-CNxZH+ZPL0bkg9qr7HMNHI2TzZOHGbha3LrrH8TIMutd2TUAreb1YJ9u8pfptzZbbBiwnSpZkY+mmrqkZp5I7A=="
    }
  }
}
